// !$*UTF8*$!
{
	archiveVersion = 1;
	classes = {
	};
	objectVersion = 56;
	objects = {

/* Begin PBXBuildFile section */
		AB35EBA62AA8DB8B006E3392 /* AppDelegate.swift in Sources */ = {isa = PBXBuildFile; fileRef = AB35EBA52AA8DB8B006E3392 /* AppDelegate.swift */; };
		AB35EBA82AA8DB8B006E3392 /* SceneDelegate.swift in Sources */ = {isa = PBXBuildFile; fileRef = AB35EBA72AA8DB8B006E3392 /* SceneDelegate.swift */; };
		AB35EBAA2AA8DB8B006E3392 /* ViewController.swift in Sources */ = {isa = PBXBuildFile; fileRef = AB35EBA92AA8DB8B006E3392 /* ViewController.swift */; };
		AB35EBAF2AA8DB8E006E3392 /* Assets.xcassets in Resources */ = {isa = PBXBuildFile; fileRef = AB35EBAE2AA8DB8E006E3392 /* Assets.xcassets */; };
		AB35EBB22AA8DB8E006E3392 /* LaunchScreen.storyboard in Resources */ = {isa = PBXBuildFile; fileRef = AB35EBB02AA8DB8E006E3392 /* LaunchScreen.storyboard */; };
		AB35EBBA2AA9012B006E3392 /* FarmDataStructure.swift in Sources */ = {isa = PBXBuildFile; fileRef = AB35EBB92AA9012B006E3392 /* FarmDataStructure.swift */; };
		AB35EBBC2AA9021D006E3392 /* APIController.swift in Sources */ = {isa = PBXBuildFile; fileRef = AB35EBBB2AA9021D006E3392 /* APIController.swift */; };
		AB35EBBE2AAA0E29006E3392 /* Main.storyboard in Resources */ = {isa = PBXBuildFile; fileRef = AB35EBBD2AAA0E29006E3392 /* Main.storyboard */; };
		AB35EBC62AAB7666006E3392 /* SearchCollectionViewController.swift in Sources */ = {isa = PBXBuildFile; fileRef = AB35EBC52AAB7666006E3392 /* SearchCollectionViewController.swift */; };
		AB35EBC82AAB7BF1006E3392 /* BusinessSearchResultsCollectionViewCell.swift in Sources */ = {isa = PBXBuildFile; fileRef = AB35EBC72AAB7BF1006E3392 /* BusinessSearchResultsCollectionViewCell.swift */; };
		AB35EBCA2AB21844006E3392 /* SearchCollection.storyboard in Resources */ = {isa = PBXBuildFile; fileRef = AB35EBC92AB21844006E3392 /* SearchCollection.storyboard */; };
		AB35EBCC2AB21BE5006E3392 /* CreatePosts.storyboard in Resources */ = {isa = PBXBuildFile; fileRef = AB35EBCB2AB21BE5006E3392 /* CreatePosts.storyboard */; };
		AB35EBCE2AB21CA9006E3392 /* UserBusinessProfile.storyboard in Resources */ = {isa = PBXBuildFile; fileRef = AB35EBCD2AB21CA9006E3392 /* UserBusinessProfile.storyboard */; };
		AB35EBD02AB21D1F006E3392 /* BusinessProfile.storyboard in Resources */ = {isa = PBXBuildFile; fileRef = AB35EBCF2AB21D1F006E3392 /* BusinessProfile.storyboard */; };
		AB35EBD22AB21D7A006E3392 /* EditBusinessProfile.storyboard in Resources */ = {isa = PBXBuildFile; fileRef = AB35EBD12AB21D7A006E3392 /* EditBusinessProfile.storyboard */; };
		F30CC0202AAB7AB80067DC44 /* CreatePostsViewController.swift in Sources */ = {isa = PBXBuildFile; fileRef = F30CC01F2AAB7AB80067DC44 /* CreatePostsViewController.swift */; };
		F30CC0222AAB7BA40067DC44 /* UserBusinessProfileViewController.swift in Sources */ = {isa = PBXBuildFile; fileRef = F30CC0212AAB7BA40067DC44 /* UserBusinessProfileViewController.swift */; };
		F30CC0242AAB7F120067DC44 /* BusinessProfileViewController.swift in Sources */ = {isa = PBXBuildFile; fileRef = F30CC0232AAB7F120067DC44 /* BusinessProfileViewController.swift */; };
		F30CC0262AAB7F3A0067DC44 /* EditBusinessProfileViewController.swift in Sources */ = {isa = PBXBuildFile; fileRef = F30CC0252AAB7F3A0067DC44 /* EditBusinessProfileViewController.swift */; };
/* End PBXBuildFile section */

/* Begin PBXFileReference section */
		AB35EBA22AA8DB8B006E3392 /* FarmersMarketSocialMedia.app */ = {isa = PBXFileReference; explicitFileType = wrapper.application; includeInIndex = 0; path = FarmersMarketSocialMedia.app; sourceTree = BUILT_PRODUCTS_DIR; };
		AB35EBA52AA8DB8B006E3392 /* AppDelegate.swift */ = {isa = PBXFileReference; lastKnownFileType = sourcecode.swift; path = AppDelegate.swift; sourceTree = "<group>"; };
		AB35EBA72AA8DB8B006E3392 /* SceneDelegate.swift */ = {isa = PBXFileReference; lastKnownFileType = sourcecode.swift; path = SceneDelegate.swift; sourceTree = "<group>"; };
		AB35EBA92AA8DB8B006E3392 /* ViewController.swift */ = {isa = PBXFileReference; lastKnownFileType = sourcecode.swift; path = ViewController.swift; sourceTree = "<group>"; };
		AB35EBAE2AA8DB8E006E3392 /* Assets.xcassets */ = {isa = PBXFileReference; lastKnownFileType = folder.assetcatalog; path = Assets.xcassets; sourceTree = "<group>"; };
		AB35EBB12AA8DB8E006E3392 /* Base */ = {isa = PBXFileReference; lastKnownFileType = file.storyboard; name = Base; path = Base.lproj/LaunchScreen.storyboard; sourceTree = "<group>"; };
		AB35EBB32AA8DB8E006E3392 /* Info.plist */ = {isa = PBXFileReference; lastKnownFileType = text.plist.xml; path = Info.plist; sourceTree = "<group>"; };
		AB35EBB92AA9012B006E3392 /* FarmDataStructure.swift */ = {isa = PBXFileReference; lastKnownFileType = sourcecode.swift; path = FarmDataStructure.swift; sourceTree = "<group>"; };
		AB35EBBB2AA9021D006E3392 /* APIController.swift */ = {isa = PBXFileReference; lastKnownFileType = sourcecode.swift; path = APIController.swift; sourceTree = "<group>"; };
		AB35EBBD2AAA0E29006E3392 /* Main.storyboard */ = {isa = PBXFileReference; fileEncoding = 4; lastKnownFileType = file.storyboard; path = Main.storyboard; sourceTree = "<group>"; };
		AB35EBC52AAB7666006E3392 /* SearchCollectionViewController.swift */ = {isa = PBXFileReference; lastKnownFileType = sourcecode.swift; path = SearchCollectionViewController.swift; sourceTree = "<group>"; };
		AB35EBC72AAB7BF1006E3392 /* BusinessSearchResultsCollectionViewCell.swift */ = {isa = PBXFileReference; lastKnownFileType = sourcecode.swift; path = BusinessSearchResultsCollectionViewCell.swift; sourceTree = "<group>"; };
		AB35EBC92AB21844006E3392 /* SearchCollection.storyboard */ = {isa = PBXFileReference; lastKnownFileType = file.storyboard; path = SearchCollection.storyboard; sourceTree = "<group>"; };
		AB35EBCB2AB21BE5006E3392 /* CreatePosts.storyboard */ = {isa = PBXFileReference; lastKnownFileType = file.storyboard; path = CreatePosts.storyboard; sourceTree = "<group>"; };
		AB35EBCD2AB21CA9006E3392 /* UserBusinessProfile.storyboard */ = {isa = PBXFileReference; lastKnownFileType = file.storyboard; path = UserBusinessProfile.storyboard; sourceTree = "<group>"; };
		AB35EBCF2AB21D1F006E3392 /* BusinessProfile.storyboard */ = {isa = PBXFileReference; lastKnownFileType = file.storyboard; path = BusinessProfile.storyboard; sourceTree = "<group>"; };
		AB35EBD12AB21D7A006E3392 /* EditBusinessProfile.storyboard */ = {isa = PBXFileReference; lastKnownFileType = file.storyboard; path = EditBusinessProfile.storyboard; sourceTree = "<group>"; };
		F30CC01F2AAB7AB80067DC44 /* CreatePostsViewController.swift */ = {isa = PBXFileReference; lastKnownFileType = sourcecode.swift; path = CreatePostsViewController.swift; sourceTree = "<group>"; };
		F30CC0212AAB7BA40067DC44 /* UserBusinessProfileViewController.swift */ = {isa = PBXFileReference; lastKnownFileType = sourcecode.swift; path = UserBusinessProfileViewController.swift; sourceTree = "<group>"; };
		F30CC0232AAB7F120067DC44 /* BusinessProfileViewController.swift */ = {isa = PBXFileReference; lastKnownFileType = sourcecode.swift; path = BusinessProfileViewController.swift; sourceTree = "<group>"; };
		F30CC0252AAB7F3A0067DC44 /* EditBusinessProfileViewController.swift */ = {isa = PBXFileReference; lastKnownFileType = sourcecode.swift; path = EditBusinessProfileViewController.swift; sourceTree = "<group>"; };
/* End PBXFileReference section */

/* Begin PBXFrameworksBuildPhase section */
		AB35EB9F2AA8DB8B006E3392 /* Frameworks */ = {
			isa = PBXFrameworksBuildPhase;
			buildActionMask = 2147483647;
			files = (
			);
			runOnlyForDeploymentPostprocessing = 0;
		};
/* End PBXFrameworksBuildPhase section */

/* Begin PBXGroup section */
		AB35EB992AA8DB8B006E3392 = {
			isa = PBXGroup;
			children = (
				AB35EBA42AA8DB8B006E3392 /* FarmersMarketSocialMedia */,
				AB35EBA32AA8DB8B006E3392 /* Products */,
			);
			sourceTree = "<group>";
		};
		AB35EBA32AA8DB8B006E3392 /* Products */ = {
			isa = PBXGroup;
			children = (
				AB35EBA22AA8DB8B006E3392 /* FarmersMarketSocialMedia.app */,
			);
			name = Products;
			sourceTree = "<group>";
		};
		AB35EBA42AA8DB8B006E3392 /* FarmersMarketSocialMedia */ = {
			isa = PBXGroup;
			children = (
				AB35EBA52AA8DB8B006E3392 /* AppDelegate.swift */,
				AB35EBA72AA8DB8B006E3392 /* SceneDelegate.swift */,
				AB35EBA92AA8DB8B006E3392 /* ViewController.swift */,
				AB35EBB92AA9012B006E3392 /* FarmDataStructure.swift */,
				AB35EBBB2AA9021D006E3392 /* APIController.swift */,
				AB35EBAE2AA8DB8E006E3392 /* Assets.xcassets */,
				AB35EBB02AA8DB8E006E3392 /* LaunchScreen.storyboard */,
				AB35EBB32AA8DB8E006E3392 /* Info.plist */,
				AB35EBBD2AAA0E29006E3392 /* Main.storyboard */,
				F30CC0252AAB7F3A0067DC44 /* EditBusinessProfileViewController.swift */,
				AB35EBD12AB21D7A006E3392 /* EditBusinessProfile.storyboard */,
				F30CC0232AAB7F120067DC44 /* BusinessProfileViewController.swift */,
				AB35EBCF2AB21D1F006E3392 /* BusinessProfile.storyboard */,
				F30CC0212AAB7BA40067DC44 /* UserBusinessProfileViewController.swift */,
				AB35EBCD2AB21CA9006E3392 /* UserBusinessProfile.storyboard */,
				F30CC01F2AAB7AB80067DC44 /* CreatePostsViewController.swift */,
				AB35EBCB2AB21BE5006E3392 /* CreatePosts.storyboard */,
				AB35EBC52AAB7666006E3392 /* SearchCollectionViewController.swift */,
				AB35EBC72AAB7BF1006E3392 /* BusinessSearchResultsCollectionViewCell.swift */,
				AB35EBC92AB21844006E3392 /* SearchCollection.storyboard */,
			);
			path = FarmersMarketSocialMedia;
			sourceTree = "<group>";
		};
/* End PBXGroup section */

/* Begin PBXNativeTarget section */
		AB35EBA12AA8DB8B006E3392 /* FarmersMarketSocialMedia */ = {
			isa = PBXNativeTarget;
			buildConfigurationList = AB35EBB62AA8DB8E006E3392 /* Build configuration list for PBXNativeTarget "FarmersMarketSocialMedia" */;
			buildPhases = (
				AB35EB9E2AA8DB8B006E3392 /* Sources */,
				AB35EB9F2AA8DB8B006E3392 /* Frameworks */,
				AB35EBA02AA8DB8B006E3392 /* Resources */,
			);
			buildRules = (
			);
			dependencies = (
			);
			name = FarmersMarketSocialMedia;
			productName = FarmersMarketSocialMedia;
			productReference = AB35EBA22AA8DB8B006E3392 /* FarmersMarketSocialMedia.app */;
			productType = "com.apple.product-type.application";
		};
/* End PBXNativeTarget section */

/* Begin PBXProject section */
		AB35EB9A2AA8DB8B006E3392 /* Project object */ = {
			isa = PBXProject;
			attributes = {
				BuildIndependentTargetsInParallel = 1;
				LastSwiftUpdateCheck = 1430;
				LastUpgradeCheck = 1430;
				TargetAttributes = {
					AB35EBA12AA8DB8B006E3392 = {
						CreatedOnToolsVersion = 14.3.1;
					};
				};
			};
			buildConfigurationList = AB35EB9D2AA8DB8B006E3392 /* Build configuration list for PBXProject "FarmersMarketSocialMedia" */;
			compatibilityVersion = "Xcode 14.0";
			developmentRegion = en;
			hasScannedForEncodings = 0;
			knownRegions = (
				en,
				Base,
			);
			mainGroup = AB35EB992AA8DB8B006E3392;
			productRefGroup = AB35EBA32AA8DB8B006E3392 /* Products */;
			projectDirPath = "";
			projectRoot = "";
			targets = (
				AB35EBA12AA8DB8B006E3392 /* FarmersMarketSocialMedia */,
			);
		};
/* End PBXProject section */

/* Begin PBXResourcesBuildPhase section */
		AB35EBA02AA8DB8B006E3392 /* Resources */ = {
			isa = PBXResourcesBuildPhase;
			buildActionMask = 2147483647;
			files = (
				AB35EBD22AB21D7A006E3392 /* EditBusinessProfile.storyboard in Resources */,
				AB35EBCA2AB21844006E3392 /* SearchCollection.storyboard in Resources */,
				AB35EBCE2AB21CA9006E3392 /* UserBusinessProfile.storyboard in Resources */,
				AB35EBB22AA8DB8E006E3392 /* LaunchScreen.storyboard in Resources */,
				AB35EBAF2AA8DB8E006E3392 /* Assets.xcassets in Resources */,
				AB35EBBE2AAA0E29006E3392 /* Main.storyboard in Resources */,
				AB35EBD02AB21D1F006E3392 /* BusinessProfile.storyboard in Resources */,
				AB35EBCC2AB21BE5006E3392 /* CreatePosts.storyboard in Resources */,
			);
			runOnlyForDeploymentPostprocessing = 0;
		};
/* End PBXResourcesBuildPhase section */

/* Begin PBXSourcesBuildPhase section */
		AB35EB9E2AA8DB8B006E3392 /* Sources */ = {
			isa = PBXSourcesBuildPhase;
			buildActionMask = 2147483647;
			files = (
				AB35EBC62AAB7666006E3392 /* SearchCollectionViewController.swift in Sources */,
				AB35EBAA2AA8DB8B006E3392 /* ViewController.swift in Sources */,
				F30CC0222AAB7BA40067DC44 /* UserBusinessProfileViewController.swift in Sources */,
				AB35EBA62AA8DB8B006E3392 /* AppDelegate.swift in Sources */,
				AB35EBBC2AA9021D006E3392 /* APIController.swift in Sources */,
				F30CC0262AAB7F3A0067DC44 /* EditBusinessProfileViewController.swift in Sources */,
				AB35EBA62AA8DB8B006E3392 /* AppDelegate.swift in Sources */,
				AB35EBBC2AA9021D006E3392 /* APIController.swift in Sources */,
				AB35EBC82AAB7BF1006E3392 /* BusinessSearchResultsCollectionViewCell.swift in Sources */,
				AB35EBA82AA8DB8B006E3392 /* SceneDelegate.swift in Sources */,
				F30CC0202AAB7AB80067DC44 /* CreatePostsViewController.swift in Sources */,
				AB35EBBA2AA9012B006E3392 /* FarmDataStructure.swift in Sources */,
				F30CC0242AAB7F120067DC44 /* BusinessProfileViewController.swift in Sources */,
			);
			runOnlyForDeploymentPostprocessing = 0;
		};
/* End PBXSourcesBuildPhase section */

/* Begin PBXVariantGroup section */
		AB35EBB02AA8DB8E006E3392 /* LaunchScreen.storyboard */ = {
			isa = PBXVariantGroup;
			children = (
				AB35EBB12AA8DB8E006E3392 /* Base */,
			);
			name = LaunchScreen.storyboard;
			sourceTree = "<group>";
		};
/* End PBXVariantGroup section */

/* Begin XCBuildConfiguration section */
		AB35EBB42AA8DB8E006E3392 /* Debug */ = {
			isa = XCBuildConfiguration;
			buildSettings = {
				ALWAYS_SEARCH_USER_PATHS = NO;
				CLANG_ANALYZER_NONNULL = YES;
				CLANG_ANALYZER_NUMBER_OBJECT_CONVERSION = YES_AGGRESSIVE;
				CLANG_CXX_LANGUAGE_STANDARD = "gnu++20";
				CLANG_ENABLE_MODULES = YES;
				CLANG_ENABLE_OBJC_ARC = YES;
				CLANG_ENABLE_OBJC_WEAK = YES;
				CLANG_WARN_BLOCK_CAPTURE_AUTORELEASING = YES;
				CLANG_WARN_BOOL_CONVERSION = YES;
				CLANG_WARN_COMMA = YES;
				CLANG_WARN_CONSTANT_CONVERSION = YES;
				CLANG_WARN_DEPRECATED_OBJC_IMPLEMENTATIONS = YES;
				CLANG_WARN_DIRECT_OBJC_ISA_USAGE = YES_ERROR;
				CLANG_WARN_DOCUMENTATION_COMMENTS = YES;
				CLANG_WARN_EMPTY_BODY = YES;
				CLANG_WARN_ENUM_CONVERSION = YES;
				CLANG_WARN_INFINITE_RECURSION = YES;
				CLANG_WARN_INT_CONVERSION = YES;
				CLANG_WARN_NON_LITERAL_NULL_CONVERSION = YES;
				CLANG_WARN_OBJC_IMPLICIT_RETAIN_SELF = YES;
				CLANG_WARN_OBJC_LITERAL_CONVERSION = YES;
				CLANG_WARN_OBJC_ROOT_CLASS = YES_ERROR;
				CLANG_WARN_QUOTED_INCLUDE_IN_FRAMEWORK_HEADER = YES;
				CLANG_WARN_RANGE_LOOP_ANALYSIS = YES;
				CLANG_WARN_STRICT_PROTOTYPES = YES;
				CLANG_WARN_SUSPICIOUS_MOVE = YES;
				CLANG_WARN_UNGUARDED_AVAILABILITY = YES_AGGRESSIVE;
				CLANG_WARN_UNREACHABLE_CODE = YES;
				CLANG_WARN__DUPLICATE_METHOD_MATCH = YES;
				COPY_PHASE_STRIP = NO;
				DEBUG_INFORMATION_FORMAT = dwarf;
				ENABLE_STRICT_OBJC_MSGSEND = YES;
				ENABLE_TESTABILITY = YES;
				GCC_C_LANGUAGE_STANDARD = gnu11;
				GCC_DYNAMIC_NO_PIC = NO;
				GCC_NO_COMMON_BLOCKS = YES;
				GCC_OPTIMIZATION_LEVEL = 0;
				GCC_PREPROCESSOR_DEFINITIONS = (
					"DEBUG=1",
					"$(inherited)",
				);
				GCC_WARN_64_TO_32_BIT_CONVERSION = YES;
				GCC_WARN_ABOUT_RETURN_TYPE = YES_ERROR;
				GCC_WARN_UNDECLARED_SELECTOR = YES;
				GCC_WARN_UNINITIALIZED_AUTOS = YES_AGGRESSIVE;
				GCC_WARN_UNUSED_FUNCTION = YES;
				GCC_WARN_UNUSED_VARIABLE = YES;
				IPHONEOS_DEPLOYMENT_TARGET = 16.4;
				MTL_ENABLE_DEBUG_INFO = INCLUDE_SOURCE;
				MTL_FAST_MATH = YES;
				ONLY_ACTIVE_ARCH = YES;
				SDKROOT = iphoneos;
				SWIFT_ACTIVE_COMPILATION_CONDITIONS = DEBUG;
				SWIFT_OPTIMIZATION_LEVEL = "-Onone";
			};
			name = Debug;
		};
		AB35EBB52AA8DB8E006E3392 /* Release */ = {
			isa = XCBuildConfiguration;
			buildSettings = {
				ALWAYS_SEARCH_USER_PATHS = NO;
				CLANG_ANALYZER_NONNULL = YES;
				CLANG_ANALYZER_NUMBER_OBJECT_CONVERSION = YES_AGGRESSIVE;
				CLANG_CXX_LANGUAGE_STANDARD = "gnu++20";
				CLANG_ENABLE_MODULES = YES;
				CLANG_ENABLE_OBJC_ARC = YES;
				CLANG_ENABLE_OBJC_WEAK = YES;
				CLANG_WARN_BLOCK_CAPTURE_AUTORELEASING = YES;
				CLANG_WARN_BOOL_CONVERSION = YES;
				CLANG_WARN_COMMA = YES;
				CLANG_WARN_CONSTANT_CONVERSION = YES;
				CLANG_WARN_DEPRECATED_OBJC_IMPLEMENTATIONS = YES;
				CLANG_WARN_DIRECT_OBJC_ISA_USAGE = YES_ERROR;
				CLANG_WARN_DOCUMENTATION_COMMENTS = YES;
				CLANG_WARN_EMPTY_BODY = YES;
				CLANG_WARN_ENUM_CONVERSION = YES;
				CLANG_WARN_INFINITE_RECURSION = YES;
				CLANG_WARN_INT_CONVERSION = YES;
				CLANG_WARN_NON_LITERAL_NULL_CONVERSION = YES;
				CLANG_WARN_OBJC_IMPLICIT_RETAIN_SELF = YES;
				CLANG_WARN_OBJC_LITERAL_CONVERSION = YES;
				CLANG_WARN_OBJC_ROOT_CLASS = YES_ERROR;
				CLANG_WARN_QUOTED_INCLUDE_IN_FRAMEWORK_HEADER = YES;
				CLANG_WARN_RANGE_LOOP_ANALYSIS = YES;
				CLANG_WARN_STRICT_PROTOTYPES = YES;
				CLANG_WARN_SUSPICIOUS_MOVE = YES;
				CLANG_WARN_UNGUARDED_AVAILABILITY = YES_AGGRESSIVE;
				CLANG_WARN_UNREACHABLE_CODE = YES;
				CLANG_WARN__DUPLICATE_METHOD_MATCH = YES;
				COPY_PHASE_STRIP = NO;
				DEBUG_INFORMATION_FORMAT = "dwarf-with-dsym";
				ENABLE_NS_ASSERTIONS = NO;
				ENABLE_STRICT_OBJC_MSGSEND = YES;
				GCC_C_LANGUAGE_STANDARD = gnu11;
				GCC_NO_COMMON_BLOCKS = YES;
				GCC_WARN_64_TO_32_BIT_CONVERSION = YES;
				GCC_WARN_ABOUT_RETURN_TYPE = YES_ERROR;
				GCC_WARN_UNDECLARED_SELECTOR = YES;
				GCC_WARN_UNINITIALIZED_AUTOS = YES_AGGRESSIVE;
				GCC_WARN_UNUSED_FUNCTION = YES;
				GCC_WARN_UNUSED_VARIABLE = YES;
				IPHONEOS_DEPLOYMENT_TARGET = 16.4;
				MTL_ENABLE_DEBUG_INFO = NO;
				MTL_FAST_MATH = YES;
				SDKROOT = iphoneos;
				SWIFT_COMPILATION_MODE = wholemodule;
				SWIFT_OPTIMIZATION_LEVEL = "-O";
				VALIDATE_PRODUCT = YES;
			};
			name = Release;
		};
		AB35EBB72AA8DB8E006E3392 /* Debug */ = {
			isa = XCBuildConfiguration;
			buildSettings = {
				ASSETCATALOG_COMPILER_APPICON_NAME = AppIcon;
				ASSETCATALOG_COMPILER_GLOBAL_ACCENT_COLOR_NAME = AccentColor;
				CODE_SIGN_STYLE = Automatic;
				CURRENT_PROJECT_VERSION = 1;
				DEVELOPMENT_TEAM = 6Y4CXR7524;
				GENERATE_INFOPLIST_FILE = YES;
				INFOPLIST_FILE = FarmersMarketSocialMedia/Info.plist;
				INFOPLIST_KEY_UIApplicationSupportsIndirectInputEvents = YES;
				INFOPLIST_KEY_UILaunchStoryboardName = LaunchScreen;
				INFOPLIST_KEY_UIMainStoryboardFile = Main;
				INFOPLIST_KEY_UISupportedInterfaceOrientations_iPad = "UIInterfaceOrientationPortrait UIInterfaceOrientationPortraitUpsideDown UIInterfaceOrientationLandscapeLeft UIInterfaceOrientationLandscapeRight";
				INFOPLIST_KEY_UISupportedInterfaceOrientations_iPhone = "UIInterfaceOrientationPortrait UIInterfaceOrientationLandscapeLeft UIInterfaceOrientationLandscapeRight";
				LD_RUNPATH_SEARCH_PATHS = (
					"$(inherited)",
					"@executable_path/Frameworks",
				);
				MARKETING_VERSION = 1.0;
				PRODUCT_BUNDLE_IDENTIFIER = mtech.FarmersMarketSocialMedia;
				PRODUCT_NAME = "$(TARGET_NAME)";
				SWIFT_EMIT_LOC_STRINGS = YES;
				SWIFT_VERSION = 5.0;
				TARGETED_DEVICE_FAMILY = "1,2";
			};
			name = Debug;
		};
		AB35EBB82AA8DB8E006E3392 /* Release */ = {
			isa = XCBuildConfiguration;
			buildSettings = {
				ASSETCATALOG_COMPILER_APPICON_NAME = AppIcon;
				ASSETCATALOG_COMPILER_GLOBAL_ACCENT_COLOR_NAME = AccentColor;
				CODE_SIGN_STYLE = Automatic;
				CURRENT_PROJECT_VERSION = 1;
				DEVELOPMENT_TEAM = 6Y4CXR7524;
				GENERATE_INFOPLIST_FILE = YES;
				INFOPLIST_FILE = FarmersMarketSocialMedia/Info.plist;
				INFOPLIST_KEY_UIApplicationSupportsIndirectInputEvents = YES;
				INFOPLIST_KEY_UILaunchStoryboardName = LaunchScreen;
				INFOPLIST_KEY_UIMainStoryboardFile = Main;
				INFOPLIST_KEY_UISupportedInterfaceOrientations_iPad = "UIInterfaceOrientationPortrait UIInterfaceOrientationPortraitUpsideDown UIInterfaceOrientationLandscapeLeft UIInterfaceOrientationLandscapeRight";
				INFOPLIST_KEY_UISupportedInterfaceOrientations_iPhone = "UIInterfaceOrientationPortrait UIInterfaceOrientationLandscapeLeft UIInterfaceOrientationLandscapeRight";
				LD_RUNPATH_SEARCH_PATHS = (
					"$(inherited)",
					"@executable_path/Frameworks",
				);
				MARKETING_VERSION = 1.0;
				PRODUCT_BUNDLE_IDENTIFIER = mtech.FarmersMarketSocialMedia;
				PRODUCT_NAME = "$(TARGET_NAME)";
				SWIFT_EMIT_LOC_STRINGS = YES;
				SWIFT_VERSION = 5.0;
				TARGETED_DEVICE_FAMILY = "1,2";
			};
			name = Release;
		};
/* End XCBuildConfiguration section */

/* Begin XCConfigurationList section */
		AB35EB9D2AA8DB8B006E3392 /* Build configuration list for PBXProject "FarmersMarketSocialMedia" */ = {
			isa = XCConfigurationList;
			buildConfigurations = (
				AB35EBB42AA8DB8E006E3392 /* Debug */,
				AB35EBB52AA8DB8E006E3392 /* Release */,
			);
			defaultConfigurationIsVisible = 0;
			defaultConfigurationName = Release;
		};
		AB35EBB62AA8DB8E006E3392 /* Build configuration list for PBXNativeTarget "FarmersMarketSocialMedia" */ = {
			isa = XCConfigurationList;
			buildConfigurations = (
				AB35EBB72AA8DB8E006E3392 /* Debug */,
				AB35EBB82AA8DB8E006E3392 /* Release */,
			);
			defaultConfigurationIsVisible = 0;
			defaultConfigurationName = Release;
		};
/* End XCConfigurationList section */
	};
	rootObject = AB35EB9A2AA8DB8B006E3392 /* Project object */;
}
