// !$*UTF8*$!
{
	archiveVersion = 1;
	classes = {
	};
	objectVersion = 56;
	objects = {

/* Begin PBXBuildFile section */
		0F0161D12ABCA3E100D704A1 /* SearchAndFavoritesMiddleManTab.swift in Sources */ = {isa = PBXBuildFile; fileRef = 0F0161D02ABCA3E100D704A1 /* SearchAndFavoritesMiddleManTab.swift */; };
		0F0161D32ABCA5B900D704A1 /* SignedInMiddleManTab.swift in Sources */ = {isa = PBXBuildFile; fileRef = 0F0161D22ABCA5B900D704A1 /* SignedInMiddleManTab.swift */; };
		0F12A41E2ABD1E70005412C1 /* UpdatedZIPCODES.json in Resources */ = {isa = PBXBuildFile; fileRef = 0FA6FE012AB48D8900130021 /* UpdatedZIPCODES.json */; };
		0F12A4202ABDD384005412C1 /* HexColorExtension.swift in Sources */ = {isa = PBXBuildFile; fileRef = 0F12A41F2ABDD384005412C1 /* HexColorExtension.swift */; };
		0F12A4222ABDD724005412C1 /* ArrayExtension.swift in Sources */ = {isa = PBXBuildFile; fileRef = 0F12A4212ABDD724005412C1 /* ArrayExtension.swift */; };
		0FA6FDFB2AB48CE600130021 /* ZipCodeStruct.swift in Sources */ = {isa = PBXBuildFile; fileRef = 0FA6FDFA2AB48CE600130021 /* ZipCodeStruct.swift */; };
		0FA6FDFD2AB48D1800130021 /* DistanceCalcFunc.swift in Sources */ = {isa = PBXBuildFile; fileRef = 0FA6FDFC2AB48D1800130021 /* DistanceCalcFunc.swift */; };
		0FA6FE032AB48E5A00130021 /* BusinessListingStruct.swift in Sources */ = {isa = PBXBuildFile; fileRef = 0FA6FE022AB48E5A00130021 /* BusinessListingStruct.swift */; };
		0FA6FE052AB4947B00130021 /* FirebaseServiceController.swift in Sources */ = {isa = PBXBuildFile; fileRef = 0FA6FE042AB4947B00130021 /* FirebaseServiceController.swift */; };
		0FA6FE082AB494E600130021 /* FirebaseAuth in Frameworks */ = {isa = PBXBuildFile; productRef = 0FA6FE072AB494E600130021 /* FirebaseAuth */; };
		0FA6FE0A2AB494E600130021 /* FirebaseFirestore in Frameworks */ = {isa = PBXBuildFile; productRef = 0FA6FE092AB494E600130021 /* FirebaseFirestore */; };
		0FA6FE0C2AB494E600130021 /* FirebaseFirestoreSwift in Frameworks */ = {isa = PBXBuildFile; productRef = 0FA6FE0B2AB494E600130021 /* FirebaseFirestoreSwift */; };
		0FA6FE0E2AB494E600130021 /* FirebaseStorage in Frameworks */ = {isa = PBXBuildFile; productRef = 0FA6FE0D2AB494E600130021 /* FirebaseStorage */; };
		0FA6FE122AB4E30900130021 /* PostStruct.swift in Sources */ = {isa = PBXBuildFile; fileRef = 0FA6FE112AB4E30900130021 /* PostStruct.swift */; };
		0FC4EF412ABB347600A44030 /* MileToKilometer.swift in Sources */ = {isa = PBXBuildFile; fileRef = 0FC4EF402ABB347600A44030 /* MileToKilometer.swift */; };
		AB233CE92AB35E22006A3DB7 /* SignIn.storyboard in Resources */ = {isa = PBXBuildFile; fileRef = AB233CE82AB35E22006A3DB7 /* SignIn.storyboard */; };
		AB233CEB2AB35E28006A3DB7 /* SignUp.storyboard in Resources */ = {isa = PBXBuildFile; fileRef = AB233CEA2AB35E28006A3DB7 /* SignUp.storyboard */; };
		AB233CED2AB35E4C006A3DB7 /* SignInViewController.swift in Sources */ = {isa = PBXBuildFile; fileRef = AB233CEC2AB35E4C006A3DB7 /* SignInViewController.swift */; };
		AB233CEF2AB35E54006A3DB7 /* SignUpViewController.swift in Sources */ = {isa = PBXBuildFile; fileRef = AB233CEE2AB35E54006A3DB7 /* SignUpViewController.swift */; };
		AB35EBA62AA8DB8B006E3392 /* AppDelegate.swift in Sources */ = {isa = PBXBuildFile; fileRef = AB35EBA52AA8DB8B006E3392 /* AppDelegate.swift */; };
		AB35EBA82AA8DB8B006E3392 /* SceneDelegate.swift in Sources */ = {isa = PBXBuildFile; fileRef = AB35EBA72AA8DB8B006E3392 /* SceneDelegate.swift */; };
		AB35EBAA2AA8DB8B006E3392 /* ViewController.swift in Sources */ = {isa = PBXBuildFile; fileRef = AB35EBA92AA8DB8B006E3392 /* ViewController.swift */; };
		AB35EBAF2AA8DB8E006E3392 /* Assets.xcassets in Resources */ = {isa = PBXBuildFile; fileRef = AB35EBAE2AA8DB8E006E3392 /* Assets.xcassets */; };
		AB35EBB22AA8DB8E006E3392 /* LaunchScreen.storyboard in Resources */ = {isa = PBXBuildFile; fileRef = AB35EBB02AA8DB8E006E3392 /* LaunchScreen.storyboard */; };
		AB35EBBA2AA9012B006E3392 /* FarmDataStructure.swift in Sources */ = {isa = PBXBuildFile; fileRef = AB35EBB92AA9012B006E3392 /* FarmDataStructure.swift */; };
		AB35EBBC2AA9021D006E3392 /* APIController.swift in Sources */ = {isa = PBXBuildFile; fileRef = AB35EBBB2AA9021D006E3392 /* APIController.swift */; };
		AB35EBBE2AAA0E29006E3392 /* Main.storyboard in Resources */ = {isa = PBXBuildFile; fileRef = AB35EBBD2AAA0E29006E3392 /* Main.storyboard */; };
		AB35EBC62AAB7666006E3392 /* SearchCollectionViewController.swift in Sources */ = {isa = PBXBuildFile; fileRef = AB35EBC52AAB7666006E3392 /* SearchCollectionViewController.swift */; };
		AB35EBC82AAB7BF1006E3392 /* BusinessSearchResultsCollectionViewCell.swift in Sources */ = {isa = PBXBuildFile; fileRef = AB35EBC72AAB7BF1006E3392 /* BusinessSearchResultsCollectionViewCell.swift */; };
		AB35EBCA2AB21844006E3392 /* SearchCollection.storyboard in Resources */ = {isa = PBXBuildFile; fileRef = AB35EBC92AB21844006E3392 /* SearchCollection.storyboard */; };
		AB35EBCC2AB21BE5006E3392 /* CreatePosts.storyboard in Resources */ = {isa = PBXBuildFile; fileRef = AB35EBCB2AB21BE5006E3392 /* CreatePosts.storyboard */; };
		AB35EBCE2AB21CA9006E3392 /* UserBusinessProfile.storyboard in Resources */ = {isa = PBXBuildFile; fileRef = AB35EBCD2AB21CA9006E3392 /* UserBusinessProfile.storyboard */; };
		AB35EBD02AB21D1F006E3392 /* BusinessProfile.storyboard in Resources */ = {isa = PBXBuildFile; fileRef = AB35EBCF2AB21D1F006E3392 /* BusinessProfile.storyboard */; };
		AB35EBD22AB21D7A006E3392 /* EditBusinessProfile.storyboard in Resources */ = {isa = PBXBuildFile; fileRef = AB35EBD12AB21D7A006E3392 /* EditBusinessProfile.storyboard */; };
		AB35EBD42AB3478D006E3392 /* FindAFarmViewController.swift in Sources */ = {isa = PBXBuildFile; fileRef = AB35EBD32AB3478D006E3392 /* FindAFarmViewController.swift */; };
		AB8ACFAA2ABC9E570097959E /* FavoritesCollection.storyboard in Resources */ = {isa = PBXBuildFile; fileRef = AB8ACFA92ABC9E570097959E /* FavoritesCollection.storyboard */; };
		AB8ACFAC2ABC9EF40097959E /* middlemantab.storyboard in Resources */ = {isa = PBXBuildFile; fileRef = AB8ACFAB2ABC9EF30097959E /* middlemantab.storyboard */; };
		ABA47AE12AB4ACE2008F58EE /* FavoritesCollectionViewCell.swift in Sources */ = {isa = PBXBuildFile; fileRef = ABA47AE02AB4ACE2008F58EE /* FavoritesCollectionViewCell.swift */; };
		ABA47AE32AB4B0B6008F58EE /* FavoritesCollectionViewController.swift in Sources */ = {isa = PBXBuildFile; fileRef = ABA47AE22AB4B0B6008F58EE /* FavoritesCollectionViewController.swift */; };
		F30CC0202AAB7AB80067DC44 /* CreatePostsViewController.swift in Sources */ = {isa = PBXBuildFile; fileRef = F30CC01F2AAB7AB80067DC44 /* CreatePostsViewController.swift */; };
		F30CC0222AAB7BA40067DC44 /* UserBusinessProfileViewController.swift in Sources */ = {isa = PBXBuildFile; fileRef = F30CC0212AAB7BA40067DC44 /* UserBusinessProfileViewController.swift */; };
		F30CC0242AAB7F120067DC44 /* BusinessProfileViewController.swift in Sources */ = {isa = PBXBuildFile; fileRef = F30CC0232AAB7F120067DC44 /* BusinessProfileViewController.swift */; };
		F30CC0262AAB7F3A0067DC44 /* EditBusinessProfileViewController.swift in Sources */ = {isa = PBXBuildFile; fileRef = F30CC0252AAB7F3A0067DC44 /* EditBusinessProfileViewController.swift */; };
		F33E17B52AC3274300EAAEC6 /* GoogleService-Info.plist in Resources */ = {isa = PBXBuildFile; fileRef = F33E17B42AC3274300EAAEC6 /* GoogleService-Info.plist */; };
/* End PBXBuildFile section */

/* Begin PBXFileReference section */
		0F0161D02ABCA3E100D704A1 /* SearchAndFavoritesMiddleManTab.swift */ = {isa = PBXFileReference; lastKnownFileType = sourcecode.swift; path = SearchAndFavoritesMiddleManTab.swift; sourceTree = "<group>"; };
		0F0161D22ABCA5B900D704A1 /* SignedInMiddleManTab.swift */ = {isa = PBXFileReference; lastKnownFileType = sourcecode.swift; path = SignedInMiddleManTab.swift; sourceTree = "<group>"; };
		0F12A41F2ABDD384005412C1 /* HexColorExtension.swift */ = {isa = PBXFileReference; lastKnownFileType = sourcecode.swift; path = HexColorExtension.swift; sourceTree = "<group>"; };
		0F12A4212ABDD724005412C1 /* ArrayExtension.swift */ = {isa = PBXFileReference; lastKnownFileType = sourcecode.swift; path = ArrayExtension.swift; sourceTree = "<group>"; };
		0FA6FDFA2AB48CE600130021 /* ZipCodeStruct.swift */ = {isa = PBXFileReference; lastKnownFileType = sourcecode.swift; path = ZipCodeStruct.swift; sourceTree = "<group>"; };
		0FA6FDFC2AB48D1800130021 /* DistanceCalcFunc.swift */ = {isa = PBXFileReference; lastKnownFileType = sourcecode.swift; path = DistanceCalcFunc.swift; sourceTree = "<group>"; };
		0FA6FE012AB48D8900130021 /* UpdatedZIPCODES.json */ = {isa = PBXFileReference; lastKnownFileType = text.json; path = UpdatedZIPCODES.json; sourceTree = "<group>"; };
		0FA6FE022AB48E5A00130021 /* BusinessListingStruct.swift */ = {isa = PBXFileReference; lastKnownFileType = sourcecode.swift; path = BusinessListingStruct.swift; sourceTree = "<group>"; };
		0FA6FE042AB4947B00130021 /* FirebaseServiceController.swift */ = {isa = PBXFileReference; lastKnownFileType = sourcecode.swift; path = FirebaseServiceController.swift; sourceTree = "<group>"; };
		0FA6FE112AB4E30900130021 /* PostStruct.swift */ = {isa = PBXFileReference; lastKnownFileType = sourcecode.swift; path = PostStruct.swift; sourceTree = "<group>"; };
		0FC4EF402ABB347600A44030 /* MileToKilometer.swift */ = {isa = PBXFileReference; lastKnownFileType = sourcecode.swift; path = MileToKilometer.swift; sourceTree = "<group>"; };
		AB233CE82AB35E22006A3DB7 /* SignIn.storyboard */ = {isa = PBXFileReference; lastKnownFileType = file.storyboard; path = SignIn.storyboard; sourceTree = "<group>"; };
		AB233CEA2AB35E28006A3DB7 /* SignUp.storyboard */ = {isa = PBXFileReference; lastKnownFileType = file.storyboard; path = SignUp.storyboard; sourceTree = "<group>"; };
		AB233CEC2AB35E4C006A3DB7 /* SignInViewController.swift */ = {isa = PBXFileReference; lastKnownFileType = sourcecode.swift; path = SignInViewController.swift; sourceTree = "<group>"; };
		AB233CEE2AB35E54006A3DB7 /* SignUpViewController.swift */ = {isa = PBXFileReference; lastKnownFileType = sourcecode.swift; path = SignUpViewController.swift; sourceTree = "<group>"; };
		AB35EBA22AA8DB8B006E3392 /* FarmersMarketSocialMedia.app */ = {isa = PBXFileReference; explicitFileType = wrapper.application; includeInIndex = 0; path = FarmersMarketSocialMedia.app; sourceTree = BUILT_PRODUCTS_DIR; };
		AB35EBA52AA8DB8B006E3392 /* AppDelegate.swift */ = {isa = PBXFileReference; lastKnownFileType = sourcecode.swift; path = AppDelegate.swift; sourceTree = "<group>"; };
		AB35EBA72AA8DB8B006E3392 /* SceneDelegate.swift */ = {isa = PBXFileReference; lastKnownFileType = sourcecode.swift; path = SceneDelegate.swift; sourceTree = "<group>"; };
		AB35EBA92AA8DB8B006E3392 /* ViewController.swift */ = {isa = PBXFileReference; lastKnownFileType = sourcecode.swift; path = ViewController.swift; sourceTree = "<group>"; };
		AB35EBAE2AA8DB8E006E3392 /* Assets.xcassets */ = {isa = PBXFileReference; lastKnownFileType = folder.assetcatalog; path = Assets.xcassets; sourceTree = "<group>"; };
		AB35EBB12AA8DB8E006E3392 /* Base */ = {isa = PBXFileReference; lastKnownFileType = file.storyboard; name = Base; path = Base.lproj/LaunchScreen.storyboard; sourceTree = "<group>"; };
		AB35EBB32AA8DB8E006E3392 /* Info.plist */ = {isa = PBXFileReference; lastKnownFileType = text.plist.xml; path = Info.plist; sourceTree = "<group>"; };
		AB35EBB92AA9012B006E3392 /* FarmDataStructure.swift */ = {isa = PBXFileReference; lastKnownFileType = sourcecode.swift; path = FarmDataStructure.swift; sourceTree = "<group>"; };
		AB35EBBB2AA9021D006E3392 /* APIController.swift */ = {isa = PBXFileReference; lastKnownFileType = sourcecode.swift; path = APIController.swift; sourceTree = "<group>"; };
		AB35EBBD2AAA0E29006E3392 /* Main.storyboard */ = {isa = PBXFileReference; fileEncoding = 4; lastKnownFileType = file.storyboard; path = Main.storyboard; sourceTree = "<group>"; };
		AB35EBC52AAB7666006E3392 /* SearchCollectionViewController.swift */ = {isa = PBXFileReference; lastKnownFileType = sourcecode.swift; path = SearchCollectionViewController.swift; sourceTree = "<group>"; };
		AB35EBC72AAB7BF1006E3392 /* BusinessSearchResultsCollectionViewCell.swift */ = {isa = PBXFileReference; lastKnownFileType = sourcecode.swift; path = BusinessSearchResultsCollectionViewCell.swift; sourceTree = "<group>"; };
		AB35EBC92AB21844006E3392 /* SearchCollection.storyboard */ = {isa = PBXFileReference; lastKnownFileType = file.storyboard; path = SearchCollection.storyboard; sourceTree = "<group>"; };
		AB35EBCB2AB21BE5006E3392 /* CreatePosts.storyboard */ = {isa = PBXFileReference; lastKnownFileType = file.storyboard; path = CreatePosts.storyboard; sourceTree = "<group>"; };
		AB35EBCD2AB21CA9006E3392 /* UserBusinessProfile.storyboard */ = {isa = PBXFileReference; lastKnownFileType = file.storyboard; path = UserBusinessProfile.storyboard; sourceTree = "<group>"; };
		AB35EBCF2AB21D1F006E3392 /* BusinessProfile.storyboard */ = {isa = PBXFileReference; lastKnownFileType = file.storyboard; path = BusinessProfile.storyboard; sourceTree = "<group>"; };
		AB35EBD12AB21D7A006E3392 /* EditBusinessProfile.storyboard */ = {isa = PBXFileReference; lastKnownFileType = file.storyboard; path = EditBusinessProfile.storyboard; sourceTree = "<group>"; };
		AB35EBD32AB3478D006E3392 /* FindAFarmViewController.swift */ = {isa = PBXFileReference; lastKnownFileType = sourcecode.swift; path = FindAFarmViewController.swift; sourceTree = "<group>"; };
		AB8ACFA92ABC9E570097959E /* FavoritesCollection.storyboard */ = {isa = PBXFileReference; lastKnownFileType = file.storyboard; path = FavoritesCollection.storyboard; sourceTree = "<group>"; };
		AB8ACFAB2ABC9EF30097959E /* middlemantab.storyboard */ = {isa = PBXFileReference; lastKnownFileType = file.storyboard; path = middlemantab.storyboard; sourceTree = "<group>"; };
		ABA47AE02AB4ACE2008F58EE /* FavoritesCollectionViewCell.swift */ = {isa = PBXFileReference; lastKnownFileType = sourcecode.swift; path = FavoritesCollectionViewCell.swift; sourceTree = "<group>"; };
		ABA47AE22AB4B0B6008F58EE /* FavoritesCollectionViewController.swift */ = {isa = PBXFileReference; lastKnownFileType = sourcecode.swift; path = FavoritesCollectionViewController.swift; sourceTree = "<group>"; };
		F30CC01F2AAB7AB80067DC44 /* CreatePostsViewController.swift */ = {isa = PBXFileReference; lastKnownFileType = sourcecode.swift; path = CreatePostsViewController.swift; sourceTree = "<group>"; };
		F30CC0212AAB7BA40067DC44 /* UserBusinessProfileViewController.swift */ = {isa = PBXFileReference; lastKnownFileType = sourcecode.swift; path = UserBusinessProfileViewController.swift; sourceTree = "<group>"; };
		F30CC0232AAB7F120067DC44 /* BusinessProfileViewController.swift */ = {isa = PBXFileReference; lastKnownFileType = sourcecode.swift; path = BusinessProfileViewController.swift; sourceTree = "<group>"; };
		F30CC0252AAB7F3A0067DC44 /* EditBusinessProfileViewController.swift */ = {isa = PBXFileReference; lastKnownFileType = sourcecode.swift; path = EditBusinessProfileViewController.swift; sourceTree = "<group>"; };
		F33E17B42AC3274300EAAEC6 /* GoogleService-Info.plist */ = {isa = PBXFileReference; fileEncoding = 4; lastKnownFileType = text.plist.xml; path = "GoogleService-Info.plist"; sourceTree = "<group>"; };
/* End PBXFileReference section */

/* Begin PBXFrameworksBuildPhase section */
		AB35EB9F2AA8DB8B006E3392 /* Frameworks */ = {
			isa = PBXFrameworksBuildPhase;
			buildActionMask = 2147483647;
			files = (
				0FA6FE082AB494E600130021 /* FirebaseAuth in Frameworks */,
				0FA6FE0E2AB494E600130021 /* FirebaseStorage in Frameworks */,
				0FA6FE0A2AB494E600130021 /* FirebaseFirestore in Frameworks */,
				0FA6FE0C2AB494E600130021 /* FirebaseFirestoreSwift in Frameworks */,
			);
			runOnlyForDeploymentPostprocessing = 0;
		};
/* End PBXFrameworksBuildPhase section */

/* Begin PBXGroup section */
		0FA6FDFE2AB48D2A00130021 /* Model */ = {
			isa = PBXGroup;
			children = (
				0FA6FE012AB48D8900130021 /* UpdatedZIPCODES.json */,
				AB35EBB92AA9012B006E3392 /* FarmDataStructure.swift */,
				0FA6FDFA2AB48CE600130021 /* ZipCodeStruct.swift */,
				0FA6FE022AB48E5A00130021 /* BusinessListingStruct.swift */,
				0FA6FE112AB4E30900130021 /* PostStruct.swift */,
				0FA6FDFC2AB48D1800130021 /* DistanceCalcFunc.swift */,
				0FC4EF402ABB347600A44030 /* MileToKilometer.swift */,
				0F12A41F2ABDD384005412C1 /* HexColorExtension.swift */,
				0F12A4212ABDD724005412C1 /* ArrayExtension.swift */,
			);
			path = Model;
			sourceTree = "<group>";
		};
		0FA6FDFF2AB48D3300130021 /* View */ = {
			isa = PBXGroup;
			children = (
				AB35EBB02AA8DB8E006E3392 /* LaunchScreen.storyboard */,
				AB35EBBD2AAA0E29006E3392 /* Main.storyboard */,
				AB233CE82AB35E22006A3DB7 /* SignIn.storyboard */,
				AB233CEA2AB35E28006A3DB7 /* SignUp.storyboard */,
				AB35EBCF2AB21D1F006E3392 /* BusinessProfile.storyboard */,
				AB35EBD12AB21D7A006E3392 /* EditBusinessProfile.storyboard */,
				AB35EBCD2AB21CA9006E3392 /* UserBusinessProfile.storyboard */,
				AB35EBCB2AB21BE5006E3392 /* CreatePosts.storyboard */,
				AB35EBC92AB21844006E3392 /* SearchCollection.storyboard */,
				AB8ACFA92ABC9E570097959E /* FavoritesCollection.storyboard */,
				AB8ACFAB2ABC9EF30097959E /* middlemantab.storyboard */,
			);
			path = View;
			sourceTree = "<group>";
		};
		0FA6FE002AB48D4200130021 /* Controller */ = {
			isa = PBXGroup;
			children = (
				AB35EBBB2AA9021D006E3392 /* APIController.swift */,
				0FA6FE042AB4947B00130021 /* FirebaseServiceController.swift */,
				AB233CEC2AB35E4C006A3DB7 /* SignInViewController.swift */,
				AB233CEE2AB35E54006A3DB7 /* SignUpViewController.swift */,
				F30CC0232AAB7F120067DC44 /* BusinessProfileViewController.swift */,
				F30CC0252AAB7F3A0067DC44 /* EditBusinessProfileViewController.swift */,
				F30CC0212AAB7BA40067DC44 /* UserBusinessProfileViewController.swift */,
				F30CC01F2AAB7AB80067DC44 /* CreatePostsViewController.swift */,
				AB35EBD32AB3478D006E3392 /* FindAFarmViewController.swift */,
				AB35EBC52AAB7666006E3392 /* SearchCollectionViewController.swift */,
				ABA47AE22AB4B0B6008F58EE /* FavoritesCollectionViewController.swift */,
				AB35EBA92AA8DB8B006E3392 /* ViewController.swift */,
				AB35EBA52AA8DB8B006E3392 /* AppDelegate.swift */,
				AB35EBA72AA8DB8B006E3392 /* SceneDelegate.swift */,
				0F0161D02ABCA3E100D704A1 /* SearchAndFavoritesMiddleManTab.swift */,
				0F0161D22ABCA5B900D704A1 /* SignedInMiddleManTab.swift */,
			);
			path = Controller;
			sourceTree = "<group>";
		};
		AB35EB992AA8DB8B006E3392 = {
			isa = PBXGroup;
			children = (
				AB35EBA42AA8DB8B006E3392 /* FarmersMarketSocialMedia */,
				AB35EBA32AA8DB8B006E3392 /* Products */,
			);
			sourceTree = "<group>";
		};
		AB35EBA32AA8DB8B006E3392 /* Products */ = {
			isa = PBXGroup;
			children = (
				AB35EBA22AA8DB8B006E3392 /* FarmersMarketSocialMedia.app */,
			);
			name = Products;
			sourceTree = "<group>";
		};
		AB35EBA42AA8DB8B006E3392 /* FarmersMarketSocialMedia */ = {
			isa = PBXGroup;
			children = (
				F33E17B42AC3274300EAAEC6 /* GoogleService-Info.plist */,
				ABA47ADF2AB4AC9D008F58EE /* Cells */,
				0FA6FE002AB48D4200130021 /* Controller */,
				0FA6FDFF2AB48D3300130021 /* View */,
				0FA6FDFE2AB48D2A00130021 /* Model */,
				AB35EBAE2AA8DB8E006E3392 /* Assets.xcassets */,
				AB35EBB32AA8DB8E006E3392 /* Info.plist */,
			);
			path = FarmersMarketSocialMedia;
			sourceTree = "<group>";
		};
		ABA47ADF2AB4AC9D008F58EE /* Cells */ = {
			isa = PBXGroup;
			children = (
				AB35EBC72AAB7BF1006E3392 /* BusinessSearchResultsCollectionViewCell.swift */,
				ABA47AE02AB4ACE2008F58EE /* FavoritesCollectionViewCell.swift */,
			);
			path = Cells;
			sourceTree = "<group>";
		};
/* End PBXGroup section */

/* Begin PBXNativeTarget section */
		AB35EBA12AA8DB8B006E3392 /* FarmersMarketSocialMedia */ = {
			isa = PBXNativeTarget;
			buildConfigurationList = AB35EBB62AA8DB8E006E3392 /* Build configuration list for PBXNativeTarget "FarmersMarketSocialMedia" */;
			buildPhases = (
				AB35EB9E2AA8DB8B006E3392 /* Sources */,
				AB35EB9F2AA8DB8B006E3392 /* Frameworks */,
				AB35EBA02AA8DB8B006E3392 /* Resources */,
			);
			buildRules = (
			);
			dependencies = (
			);
			name = FarmersMarketSocialMedia;
			packageProductDependencies = (
				0FA6FE072AB494E600130021 /* FirebaseAuth */,
				0FA6FE092AB494E600130021 /* FirebaseFirestore */,
				0FA6FE0B2AB494E600130021 /* FirebaseFirestoreSwift */,
				0FA6FE0D2AB494E600130021 /* FirebaseStorage */,
			);
			productName = FarmersMarketSocialMedia;
			productReference = AB35EBA22AA8DB8B006E3392 /* FarmersMarketSocialMedia.app */;
			productType = "com.apple.product-type.application";
		};
/* End PBXNativeTarget section */

/* Begin PBXProject section */
		AB35EB9A2AA8DB8B006E3392 /* Project object */ = {
			isa = PBXProject;
			attributes = {
				BuildIndependentTargetsInParallel = 1;
				LastSwiftUpdateCheck = 1430;
				LastUpgradeCheck = 1430;
				TargetAttributes = {
					AB35EBA12AA8DB8B006E3392 = {
						CreatedOnToolsVersion = 14.3.1;
					};
				};
			};
			buildConfigurationList = AB35EB9D2AA8DB8B006E3392 /* Build configuration list for PBXProject "FarmersMarketSocialMedia" */;
			compatibilityVersion = "Xcode 14.0";
			developmentRegion = en;
			hasScannedForEncodings = 0;
			knownRegions = (
				en,
				Base,
			);
			mainGroup = AB35EB992AA8DB8B006E3392;
			packageReferences = (
				0FA6FE062AB494E600130021 /* XCRemoteSwiftPackageReference "firebase-ios-sdk" */,
			);
			productRefGroup = AB35EBA32AA8DB8B006E3392 /* Products */;
			projectDirPath = "";
			projectRoot = "";
			targets = (
				AB35EBA12AA8DB8B006E3392 /* FarmersMarketSocialMedia */,
			);
		};
/* End PBXProject section */

/* Begin PBXResourcesBuildPhase section */
		AB35EBA02AA8DB8B006E3392 /* Resources */ = {
			isa = PBXResourcesBuildPhase;
			buildActionMask = 2147483647;
			files = (
				AB35EBD22AB21D7A006E3392 /* EditBusinessProfile.storyboard in Resources */,
				AB35EBCA2AB21844006E3392 /* SearchCollection.storyboard in Resources */,
				AB35EBCE2AB21CA9006E3392 /* UserBusinessProfile.storyboard in Resources */,
				AB8ACFAC2ABC9EF40097959E /* middlemantab.storyboard in Resources */,
				AB35EBB22AA8DB8E006E3392 /* LaunchScreen.storyboard in Resources */,
				AB8ACFAA2ABC9E570097959E /* FavoritesCollection.storyboard in Resources */,
				0F12A41E2ABD1E70005412C1 /* UpdatedZIPCODES.json in Resources */,
				AB233CEB2AB35E28006A3DB7 /* SignUp.storyboard in Resources */,
				AB233CE92AB35E22006A3DB7 /* SignIn.storyboard in Resources */,
				AB35EBAF2AA8DB8E006E3392 /* Assets.xcassets in Resources */,
				AB35EBBE2AAA0E29006E3392 /* Main.storyboard in Resources */,
				AB35EBD02AB21D1F006E3392 /* BusinessProfile.storyboard in Resources */,
				AB35EBCC2AB21BE5006E3392 /* CreatePosts.storyboard in Resources */,
				F33E17B52AC3274300EAAEC6 /* GoogleService-Info.plist in Resources */,
			);
			runOnlyForDeploymentPostprocessing = 0;
		};
/* End PBXResourcesBuildPhase section */

/* Begin PBXSourcesBuildPhase section */
		AB35EB9E2AA8DB8B006E3392 /* Sources */ = {
			isa = PBXSourcesBuildPhase;
			buildActionMask = 2147483647;
			files = (
				AB35EBD42AB3478D006E3392 /* FindAFarmViewController.swift in Sources */,
				AB35EBC62AAB7666006E3392 /* SearchCollectionViewController.swift in Sources */,
				AB35EBAA2AA8DB8B006E3392 /* ViewController.swift in Sources */,
				F30CC0222AAB7BA40067DC44 /* UserBusinessProfileViewController.swift in Sources */,
				0F12A4202ABDD384005412C1 /* HexColorExtension.swift in Sources */,
				AB35EBA62AA8DB8B006E3392 /* AppDelegate.swift in Sources */,
				AB35EBBC2AA9021D006E3392 /* APIController.swift in Sources */,
				F30CC0262AAB7F3A0067DC44 /* EditBusinessProfileViewController.swift in Sources */,
				AB35EBA62AA8DB8B006E3392 /* AppDelegate.swift in Sources */,
				0FA6FDFB2AB48CE600130021 /* ZipCodeStruct.swift in Sources */,
				0FA6FDFD2AB48D1800130021 /* DistanceCalcFunc.swift in Sources */,
				0F12A4222ABDD724005412C1 /* ArrayExtension.swift in Sources */,
				AB233CED2AB35E4C006A3DB7 /* SignInViewController.swift in Sources */,
				0FA6FE122AB4E30900130021 /* PostStruct.swift in Sources */,
				AB35EBBC2AA9021D006E3392 /* APIController.swift in Sources */,
				ABA47AE32AB4B0B6008F58EE /* FavoritesCollectionViewController.swift in Sources */,
				0FC4EF412ABB347600A44030 /* MileToKilometer.swift in Sources */,
				0FA6FE032AB48E5A00130021 /* BusinessListingStruct.swift in Sources */,
				AB233CEF2AB35E54006A3DB7 /* SignUpViewController.swift in Sources */,
				ABA47AE12AB4ACE2008F58EE /* FavoritesCollectionViewCell.swift in Sources */,
				0F0161D32ABCA5B900D704A1 /* SignedInMiddleManTab.swift in Sources */,
				AB35EBC82AAB7BF1006E3392 /* BusinessSearchResultsCollectionViewCell.swift in Sources */,
				AB35EBA82AA8DB8B006E3392 /* SceneDelegate.swift in Sources */,
				F30CC0202AAB7AB80067DC44 /* CreatePostsViewController.swift in Sources */,
				AB35EBBA2AA9012B006E3392 /* FarmDataStructure.swift in Sources */,
				F30CC0242AAB7F120067DC44 /* BusinessProfileViewController.swift in Sources */,
				0F0161D12ABCA3E100D704A1 /* SearchAndFavoritesMiddleManTab.swift in Sources */,
				0FA6FE052AB4947B00130021 /* FirebaseServiceController.swift in Sources */,
			);
			runOnlyForDeploymentPostprocessing = 0;
		};
/* End PBXSourcesBuildPhase section */

/* Begin PBXVariantGroup section */
		AB35EBB02AA8DB8E006E3392 /* LaunchScreen.storyboard */ = {
			isa = PBXVariantGroup;
			children = (
				AB35EBB12AA8DB8E006E3392 /* Base */,
			);
			name = LaunchScreen.storyboard;
			sourceTree = "<group>";
		};
/* End PBXVariantGroup section */

/* Begin XCBuildConfiguration section */
		AB35EBB42AA8DB8E006E3392 /* Debug */ = {
			isa = XCBuildConfiguration;
			buildSettings = {
				ALWAYS_SEARCH_USER_PATHS = NO;
				CLANG_ANALYZER_NONNULL = YES;
				CLANG_ANALYZER_NUMBER_OBJECT_CONVERSION = YES_AGGRESSIVE;
				CLANG_CXX_LANGUAGE_STANDARD = "gnu++20";
				CLANG_ENABLE_MODULES = YES;
				CLANG_ENABLE_OBJC_ARC = YES;
				CLANG_ENABLE_OBJC_WEAK = YES;
				CLANG_WARN_BLOCK_CAPTURE_AUTORELEASING = YES;
				CLANG_WARN_BOOL_CONVERSION = YES;
				CLANG_WARN_COMMA = YES;
				CLANG_WARN_CONSTANT_CONVERSION = YES;
				CLANG_WARN_DEPRECATED_OBJC_IMPLEMENTATIONS = YES;
				CLANG_WARN_DIRECT_OBJC_ISA_USAGE = YES_ERROR;
				CLANG_WARN_DOCUMENTATION_COMMENTS = YES;
				CLANG_WARN_EMPTY_BODY = YES;
				CLANG_WARN_ENUM_CONVERSION = YES;
				CLANG_WARN_INFINITE_RECURSION = YES;
				CLANG_WARN_INT_CONVERSION = YES;
				CLANG_WARN_NON_LITERAL_NULL_CONVERSION = YES;
				CLANG_WARN_OBJC_IMPLICIT_RETAIN_SELF = YES;
				CLANG_WARN_OBJC_LITERAL_CONVERSION = YES;
				CLANG_WARN_OBJC_ROOT_CLASS = YES_ERROR;
				CLANG_WARN_QUOTED_INCLUDE_IN_FRAMEWORK_HEADER = YES;
				CLANG_WARN_RANGE_LOOP_ANALYSIS = YES;
				CLANG_WARN_STRICT_PROTOTYPES = YES;
				CLANG_WARN_SUSPICIOUS_MOVE = YES;
				CLANG_WARN_UNGUARDED_AVAILABILITY = YES_AGGRESSIVE;
				CLANG_WARN_UNREACHABLE_CODE = YES;
				CLANG_WARN__DUPLICATE_METHOD_MATCH = YES;
				COPY_PHASE_STRIP = NO;
				DEBUG_INFORMATION_FORMAT = dwarf;
				ENABLE_STRICT_OBJC_MSGSEND = YES;
				ENABLE_TESTABILITY = YES;
				GCC_C_LANGUAGE_STANDARD = gnu11;
				GCC_DYNAMIC_NO_PIC = NO;
				GCC_NO_COMMON_BLOCKS = YES;
				GCC_OPTIMIZATION_LEVEL = 0;
				GCC_PREPROCESSOR_DEFINITIONS = (
					"DEBUG=1",
					"$(inherited)",
				);
				GCC_WARN_64_TO_32_BIT_CONVERSION = YES;
				GCC_WARN_ABOUT_RETURN_TYPE = YES_ERROR;
				GCC_WARN_UNDECLARED_SELECTOR = YES;
				GCC_WARN_UNINITIALIZED_AUTOS = YES_AGGRESSIVE;
				GCC_WARN_UNUSED_FUNCTION = YES;
				GCC_WARN_UNUSED_VARIABLE = YES;
				IPHONEOS_DEPLOYMENT_TARGET = 16.4;
				MTL_ENABLE_DEBUG_INFO = INCLUDE_SOURCE;
				MTL_FAST_MATH = YES;
				ONLY_ACTIVE_ARCH = YES;
				SDKROOT = iphoneos;
				SWIFT_ACTIVE_COMPILATION_CONDITIONS = DEBUG;
				SWIFT_OPTIMIZATION_LEVEL = "-Onone";
			};
			name = Debug;
		};
		AB35EBB52AA8DB8E006E3392 /* Release */ = {
			isa = XCBuildConfiguration;
			buildSettings = {
				ALWAYS_SEARCH_USER_PATHS = NO;
				CLANG_ANALYZER_NONNULL = YES;
				CLANG_ANALYZER_NUMBER_OBJECT_CONVERSION = YES_AGGRESSIVE;
				CLANG_CXX_LANGUAGE_STANDARD = "gnu++20";
				CLANG_ENABLE_MODULES = YES;
				CLANG_ENABLE_OBJC_ARC = YES;
				CLANG_ENABLE_OBJC_WEAK = YES;
				CLANG_WARN_BLOCK_CAPTURE_AUTORELEASING = YES;
				CLANG_WARN_BOOL_CONVERSION = YES;
				CLANG_WARN_COMMA = YES;
				CLANG_WARN_CONSTANT_CONVERSION = YES;
				CLANG_WARN_DEPRECATED_OBJC_IMPLEMENTATIONS = YES;
				CLANG_WARN_DIRECT_OBJC_ISA_USAGE = YES_ERROR;
				CLANG_WARN_DOCUMENTATION_COMMENTS = YES;
				CLANG_WARN_EMPTY_BODY = YES;
				CLANG_WARN_ENUM_CONVERSION = YES;
				CLANG_WARN_INFINITE_RECURSION = YES;
				CLANG_WARN_INT_CONVERSION = YES;
				CLANG_WARN_NON_LITERAL_NULL_CONVERSION = YES;
				CLANG_WARN_OBJC_IMPLICIT_RETAIN_SELF = YES;
				CLANG_WARN_OBJC_LITERAL_CONVERSION = YES;
				CLANG_WARN_OBJC_ROOT_CLASS = YES_ERROR;
				CLANG_WARN_QUOTED_INCLUDE_IN_FRAMEWORK_HEADER = YES;
				CLANG_WARN_RANGE_LOOP_ANALYSIS = YES;
				CLANG_WARN_STRICT_PROTOTYPES = YES;
				CLANG_WARN_SUSPICIOUS_MOVE = YES;
				CLANG_WARN_UNGUARDED_AVAILABILITY = YES_AGGRESSIVE;
				CLANG_WARN_UNREACHABLE_CODE = YES;
				CLANG_WARN__DUPLICATE_METHOD_MATCH = YES;
				COPY_PHASE_STRIP = NO;
				DEBUG_INFORMATION_FORMAT = "dwarf-with-dsym";
				ENABLE_NS_ASSERTIONS = NO;
				ENABLE_STRICT_OBJC_MSGSEND = YES;
				GCC_C_LANGUAGE_STANDARD = gnu11;
				GCC_NO_COMMON_BLOCKS = YES;
				GCC_WARN_64_TO_32_BIT_CONVERSION = YES;
				GCC_WARN_ABOUT_RETURN_TYPE = YES_ERROR;
				GCC_WARN_UNDECLARED_SELECTOR = YES;
				GCC_WARN_UNINITIALIZED_AUTOS = YES_AGGRESSIVE;
				GCC_WARN_UNUSED_FUNCTION = YES;
				GCC_WARN_UNUSED_VARIABLE = YES;
				IPHONEOS_DEPLOYMENT_TARGET = 16.4;
				MTL_ENABLE_DEBUG_INFO = NO;
				MTL_FAST_MATH = YES;
				SDKROOT = iphoneos;
				SWIFT_COMPILATION_MODE = wholemodule;
				SWIFT_OPTIMIZATION_LEVEL = "-O";
				VALIDATE_PRODUCT = YES;
			};
			name = Release;
		};
		AB35EBB72AA8DB8E006E3392 /* Debug */ = {
			isa = XCBuildConfiguration;
			buildSettings = {
				ASSETCATALOG_COMPILER_APPICON_NAME = AppIcon;
				ASSETCATALOG_COMPILER_GLOBAL_ACCENT_COLOR_NAME = AccentColor;
				CODE_SIGN_STYLE = Automatic;
				CURRENT_PROJECT_VERSION = 1;
				DEVELOPMENT_TEAM = 6Y4CXR7524;
				GENERATE_INFOPLIST_FILE = YES;
				INFOPLIST_FILE = FarmersMarketSocialMedia/Info.plist;
				INFOPLIST_KEY_UIApplicationSupportsIndirectInputEvents = YES;
				INFOPLIST_KEY_UILaunchStoryboardName = LaunchScreen;
				INFOPLIST_KEY_UIMainStoryboardFile = Main;
				INFOPLIST_KEY_UISupportedInterfaceOrientations_iPad = "UIInterfaceOrientationPortrait UIInterfaceOrientationPortraitUpsideDown UIInterfaceOrientationLandscapeLeft UIInterfaceOrientationLandscapeRight";
				INFOPLIST_KEY_UISupportedInterfaceOrientations_iPhone = "UIInterfaceOrientationPortrait UIInterfaceOrientationLandscapeLeft UIInterfaceOrientationLandscapeRight";
				LD_RUNPATH_SEARCH_PATHS = (
					"$(inherited)",
					"@executable_path/Frameworks",
				);
				MARKETING_VERSION = 1.0;
				PRODUCT_BUNDLE_IDENTIFIER = mtech.FarmersMarketSocialMedia;
				PRODUCT_NAME = "$(TARGET_NAME)";
				SWIFT_EMIT_LOC_STRINGS = YES;
				SWIFT_VERSION = 5.0;
				TARGETED_DEVICE_FAMILY = "1,2";
			};
			name = Debug;
		};
		AB35EBB82AA8DB8E006E3392 /* Release */ = {
			isa = XCBuildConfiguration;
			buildSettings = {
				ASSETCATALOG_COMPILER_APPICON_NAME = AppIcon;
				ASSETCATALOG_COMPILER_GLOBAL_ACCENT_COLOR_NAME = AccentColor;
				CODE_SIGN_STYLE = Automatic;
				CURRENT_PROJECT_VERSION = 1;
				DEVELOPMENT_TEAM = 6Y4CXR7524;
				GENERATE_INFOPLIST_FILE = YES;
				INFOPLIST_FILE = FarmersMarketSocialMedia/Info.plist;
				INFOPLIST_KEY_UIApplicationSupportsIndirectInputEvents = YES;
				INFOPLIST_KEY_UILaunchStoryboardName = LaunchScreen;
				INFOPLIST_KEY_UIMainStoryboardFile = Main;
				INFOPLIST_KEY_UISupportedInterfaceOrientations_iPad = "UIInterfaceOrientationPortrait UIInterfaceOrientationPortraitUpsideDown UIInterfaceOrientationLandscapeLeft UIInterfaceOrientationLandscapeRight";
				INFOPLIST_KEY_UISupportedInterfaceOrientations_iPhone = "UIInterfaceOrientationPortrait UIInterfaceOrientationLandscapeLeft UIInterfaceOrientationLandscapeRight";
				LD_RUNPATH_SEARCH_PATHS = (
					"$(inherited)",
					"@executable_path/Frameworks",
				);
				MARKETING_VERSION = 1.0;
				PRODUCT_BUNDLE_IDENTIFIER = mtech.FarmersMarketSocialMedia;
				PRODUCT_NAME = "$(TARGET_NAME)";
				SWIFT_EMIT_LOC_STRINGS = YES;
				SWIFT_VERSION = 5.0;
				TARGETED_DEVICE_FAMILY = "1,2";
			};
			name = Release;
		};
/* End XCBuildConfiguration section */

/* Begin XCConfigurationList section */
		AB35EB9D2AA8DB8B006E3392 /* Build configuration list for PBXProject "FarmersMarketSocialMedia" */ = {
			isa = XCConfigurationList;
			buildConfigurations = (
				AB35EBB42AA8DB8E006E3392 /* Debug */,
				AB35EBB52AA8DB8E006E3392 /* Release */,
			);
			defaultConfigurationIsVisible = 0;
			defaultConfigurationName = Release;
		};
		AB35EBB62AA8DB8E006E3392 /* Build configuration list for PBXNativeTarget "FarmersMarketSocialMedia" */ = {
			isa = XCConfigurationList;
			buildConfigurations = (
				AB35EBB72AA8DB8E006E3392 /* Debug */,
				AB35EBB82AA8DB8E006E3392 /* Release */,
			);
			defaultConfigurationIsVisible = 0;
			defaultConfigurationName = Release;
		};
/* End XCConfigurationList section */

/* Begin XCRemoteSwiftPackageReference section */
		0FA6FE062AB494E600130021 /* XCRemoteSwiftPackageReference "firebase-ios-sdk" */ = {
			isa = XCRemoteSwiftPackageReference;
			repositoryURL = "https://github.com/firebase/firebase-ios-sdk";
			requirement = {
				kind = upToNextMajorVersion;
				minimumVersion = 10.0.0;
			};
		};
/* End XCRemoteSwiftPackageReference section */

/* Begin XCSwiftPackageProductDependency section */
		0FA6FE072AB494E600130021 /* FirebaseAuth */ = {
			isa = XCSwiftPackageProductDependency;
			package = 0FA6FE062AB494E600130021 /* XCRemoteSwiftPackageReference "firebase-ios-sdk" */;
			productName = FirebaseAuth;
		};
		0FA6FE092AB494E600130021 /* FirebaseFirestore */ = {
			isa = XCSwiftPackageProductDependency;
			package = 0FA6FE062AB494E600130021 /* XCRemoteSwiftPackageReference "firebase-ios-sdk" */;
			productName = FirebaseFirestore;
		};
		0FA6FE0B2AB494E600130021 /* FirebaseFirestoreSwift */ = {
			isa = XCSwiftPackageProductDependency;
			package = 0FA6FE062AB494E600130021 /* XCRemoteSwiftPackageReference "firebase-ios-sdk" */;
			productName = FirebaseFirestoreSwift;
		};
		0FA6FE0D2AB494E600130021 /* FirebaseStorage */ = {
			isa = XCSwiftPackageProductDependency;
			package = 0FA6FE062AB494E600130021 /* XCRemoteSwiftPackageReference "firebase-ios-sdk" */;
			productName = FirebaseStorage;
		};
/* End XCSwiftPackageProductDependency section */
	};
	rootObject = AB35EB9A2AA8DB8B006E3392 /* Project object */;
}
